
Microsoft Visual Studio Solution File, Format Version 12.00
# Visual Studio Version 16
VisualStudioVersion = 16.0.29905.134
MinimumVisualStudioVersion = 10.0.40219.1
Project("{FAE04EC0-301F-11D3-BF4B-00C04F79EFBC}") = "GraphLibrary", "GraphLibrary\GraphLibrary.csproj", "{108BA026-2631-476F-B942-4DB69C12AB89}"
EndProject
Project("{FAE04EC0-301F-11D3-BF4B-00C04F79EFBC}") = "FakeGraphTest", "FakeGraphTest\FakeGraphTest.csproj", "{D5F3DC8B-2997-44D9-AF9B-E9120182EF1C}"
EndProject
Global
	GlobalSection(SolutionConfigurationPlatforms) = preSolution
		Debug|Any CPU = Debug|Any CPU
		Release|Any CPU = Release|Any CPU
	EndGlobalSection
	GlobalSection(ProjectConfigurationPlatforms) = postSolution
		{108BA026-2631-476F-B942-4DB69C12AB89}.Debug|Any CPU.ActiveCfg = Debug|Any CPU
		{108BA026-2631-476F-B942-4DB69C12AB89}.Debug|Any CPU.Build.0 = Debug|Any CPU
		{108BA026-2631-476F-B942-4DB69C12AB89}.Release|Any CPU.ActiveCfg = Release|Any CPU
		{108BA026-2631-476F-B942-4DB69C12AB89}.Release|Any CPU.Build.0 = Release|Any CPU
		{D5F3DC8B-2997-44D9-AF9B-E9120182EF1C}.Debug|Any CPU.ActiveCfg = Debug|Any CPU
		{D5F3DC8B-2997-44D9-AF9B-E9120182EF1C}.Debug|Any CPU.Build.0 = Debug|Any CPU
		{D5F3DC8B-2997-44D9-AF9B-E9120182EF1C}.Release|Any CPU.ActiveCfg = Release|Any CPU
		{D5F3DC8B-2997-44D9-AF9B-E9120182EF1C}.Release|Any CPU.Build.0 = Release|Any CPU
	EndGlobalSection
	GlobalSection(SolutionProperties) = preSolution
		HideSolutionNode = FALSE
	EndGlobalSection
	GlobalSection(ExtensibilityGlobals) = postSolution
		SolutionGuid = {50B31856-00EC-4548-B343-193D8D1F1E05}
	EndGlobalSection
EndGlobal
